{
  "name": "@wirunekaewjai/devtools",
  "version": "0.1.9",
  "lockfileVersion": 3,
  "requires": true,
  "packages": {
    "": {
      "name": "@wirunekaewjai/devtools",
      "version": "0.1.9",
      "license": "MIT",
      "devDependencies": {
        "@types/node": "^18.16.0"
      }
    },
    "node_modules/@types/node": {
      "version": "18.17.12",
      "resolved": "https://registry.npmjs.org/@types/node/-/node-18.17.12.tgz",
      "integrity": "sha512-d6xjC9fJ/nSnfDeU0AMDsaJyb1iHsqCSOdi84w4u+SlN/UgQdY5tRhpMzaFYsI4mnpvgTivEaQd0yOUhAtOnEQ==",
      "dev": true
    }
  }
}
